<?xml version="1.0" encoding="UTF-8"?>
<Scheme
   version = "1.3">
   <BuildAction>
      <BuildActionEntries>
         <BuildActionEntry
            buildForRunning = "YES">
            <BuildableReference
               BuildableIdentifier = "primary"
               BlueprintIdentifier = "2DBA1F71407BBA2467D04F23"
               BuildableName = "PATabBarControllerDemo.app"
               BlueprintName = "PATabBarControllerDemo"
               ReferencedContainer = "container:PATabBarControllerDemo.xcodeproj">
            </BuildableReference>
         </BuildActionEntry>
      </BuildActionEntries>
   </BuildAction>
   <LaunchAction
      useCustomWorkingDirectory = "NO"
      buildConfiguration = "Debug">
      <BuildableProductRunnable>
         <BuildableReference
            BuildableIdentifier = "primary"
            BlueprintIdentifier = "2DBA1F71407BBA2467D04F23"
            BuildableName = "PATabBarControllerDemo.app"
            BlueprintName = "PATabBarControllerDemo"
            ReferencedContainer = "container:PATabBarControllerDemo.xcodeproj">
         </BuildableReference>
      </BuildableProductRunnable>
   </LaunchAction>
</Scheme>
